
Microsoft Visual Studio Solution File, Format Version 12.00
# Visual Studio Version 17
VisualStudioVersion = 17.2.32505.173
MinimumVisualStudioVersion = 10.0.40219.1
Project("{9A19103F-16F7-4668-BE54-9A1E7A4F7556}") = "MovieShopMVC", "MovieShopMVC\MovieShopMVC.csproj", "{F113ECF5-2412-4B98-B880-2C3C029B8FA1}"
EndProject
Project("{9A19103F-16F7-4668-BE54-9A1E7A4F7556}") = "ApplicationCore", "ApplicationCore\ApplicationCore.csproj", "{6C206A5F-EA3D-42C9-B431-13589D19E90C}"
EndProject
Project("{9A19103F-16F7-4668-BE54-9A1E7A4F7556}") = "Infrastructure", "Infrastructure\Infrastructure.csproj", "{5D42E185-CAE7-41A8-B4E8-AA0A1F1BE2DE}"
EndProject
Project("{2150E333-8FDC-42A3-9474-1A3956D46DE8}") = "Solution Items", "Solution Items", "{B1D9E7DB-2E7C-4866-A5F2-4E75C4CF9B25}"
	ProjectSection(SolutionItems) = preProject
		notes.txt = notes.txt
	EndProjectSection
EndProject
Global
	GlobalSection(SolutionConfigurationPlatforms) = preSolution
		Debug|Any CPU = Debug|Any CPU
		Release|Any CPU = Release|Any CPU
	EndGlobalSection
	GlobalSection(ProjectConfigurationPlatforms) = postSolution
		{F113ECF5-2412-4B98-B880-2C3C029B8FA1}.Debug|Any CPU.ActiveCfg = Debug|Any CPU
		{F113ECF5-2412-4B98-B880-2C3C029B8FA1}.Debug|Any CPU.Build.0 = Debug|Any CPU
		{F113ECF5-2412-4B98-B880-2C3C029B8FA1}.Release|Any CPU.ActiveCfg = Release|Any CPU
		{F113ECF5-2412-4B98-B880-2C3C029B8FA1}.Release|Any CPU.Build.0 = Release|Any CPU
		{6C206A5F-EA3D-42C9-B431-13589D19E90C}.Debug|Any CPU.ActiveCfg = Debug|Any CPU
		{6C206A5F-EA3D-42C9-B431-13589D19E90C}.Debug|Any CPU.Build.0 = Debug|Any CPU
		{6C206A5F-EA3D-42C9-B431-13589D19E90C}.Release|Any CPU.ActiveCfg = Release|Any CPU
		{6C206A5F-EA3D-42C9-B431-13589D19E90C}.Release|Any CPU.Build.0 = Release|Any CPU
		{5D42E185-CAE7-41A8-B4E8-AA0A1F1BE2DE}.Debug|Any CPU.ActiveCfg = Debug|Any CPU
		{5D42E185-CAE7-41A8-B4E8-AA0A1F1BE2DE}.Debug|Any CPU.Build.0 = Debug|Any CPU
		{5D42E185-CAE7-41A8-B4E8-AA0A1F1BE2DE}.Release|Any CPU.ActiveCfg = Release|Any CPU
		{5D42E185-CAE7-41A8-B4E8-AA0A1F1BE2DE}.Release|Any CPU.Build.0 = Release|Any CPU
	EndGlobalSection
	GlobalSection(SolutionProperties) = preSolution
		HideSolutionNode = FALSE
	EndGlobalSection
	GlobalSection(ExtensibilityGlobals) = postSolution
		SolutionGuid = {ED4C80BA-E61B-4F7E-9AE3-4A3558F5FD3A}
	EndGlobalSection
EndGlobal
